
Microsoft Visual Studio Solution File, Format Version 12.00
Project("{FAE04EC0-301F-11D3-BF4B-00C04F79EFBC}") = "API", "API\API.csproj", "{3E04A303-C88D-4500-9DC4-304777A44E53}"
EndProject
Project("{FAE04EC0-301F-11D3-BF4B-00C04F79EFBC}") = "Infrastructure", "Infrastructure\Infrastructure.csproj", "{6D0244D5-0D57-45F0-8E8A-EADFDCBE9D69}"
EndProject
Project("{FAE04EC0-301F-11D3-BF4B-00C04F79EFBC}") = "Application", "Application\Application.csproj", "{7B4FBEF0-0CFE-4CBC-B705-6F0CC57A8852}"
EndProject
Project("{FAE04EC0-301F-11D3-BF4B-00C04F79EFBC}") = "Domain", "Domain\Domain.csproj", "{ADE468BF-3E55-440B-9C1D-2929C8C6B199}"
EndProject
Project("{FAE04EC0-301F-11D3-BF4B-00C04F79EFBC}") = "Contracts", "Contracts\Contracts.csproj", "{CFB72B03-893F-47D0-A911-9B0D2BC405CA}"
EndProject
Global
	GlobalSection(SolutionConfigurationPlatforms) = preSolution
		Debug|Any CPU = Debug|Any CPU
		Release|Any CPU = Release|Any CPU
	EndGlobalSection
	GlobalSection(ProjectConfigurationPlatforms) = postSolution
		{3E04A303-C88D-4500-9DC4-304777A44E53}.Debug|Any CPU.ActiveCfg = Debug|Any CPU
		{3E04A303-C88D-4500-9DC4-304777A44E53}.Debug|Any CPU.Build.0 = Debug|Any CPU
		{3E04A303-C88D-4500-9DC4-304777A44E53}.Release|Any CPU.ActiveCfg = Release|Any CPU
		{3E04A303-C88D-4500-9DC4-304777A44E53}.Release|Any CPU.Build.0 = Release|Any CPU
		{6D0244D5-0D57-45F0-8E8A-EADFDCBE9D69}.Debug|Any CPU.ActiveCfg = Debug|Any CPU
		{6D0244D5-0D57-45F0-8E8A-EADFDCBE9D69}.Debug|Any CPU.Build.0 = Debug|Any CPU
		{6D0244D5-0D57-45F0-8E8A-EADFDCBE9D69}.Release|Any CPU.ActiveCfg = Release|Any CPU
		{6D0244D5-0D57-45F0-8E8A-EADFDCBE9D69}.Release|Any CPU.Build.0 = Release|Any CPU
		{7B4FBEF0-0CFE-4CBC-B705-6F0CC57A8852}.Debug|Any CPU.ActiveCfg = Debug|Any CPU
		{7B4FBEF0-0CFE-4CBC-B705-6F0CC57A8852}.Debug|Any CPU.Build.0 = Debug|Any CPU
		{7B4FBEF0-0CFE-4CBC-B705-6F0CC57A8852}.Release|Any CPU.ActiveCfg = Release|Any CPU
		{7B4FBEF0-0CFE-4CBC-B705-6F0CC57A8852}.Release|Any CPU.Build.0 = Release|Any CPU
		{ADE468BF-3E55-440B-9C1D-2929C8C6B199}.Debug|Any CPU.ActiveCfg = Debug|Any CPU
		{ADE468BF-3E55-440B-9C1D-2929C8C6B199}.Debug|Any CPU.Build.0 = Debug|Any CPU
		{ADE468BF-3E55-440B-9C1D-2929C8C6B199}.Release|Any CPU.ActiveCfg = Release|Any CPU
		{ADE468BF-3E55-440B-9C1D-2929C8C6B199}.Release|Any CPU.Build.0 = Release|Any CPU
		{CFB72B03-893F-47D0-A911-9B0D2BC405CA}.Debug|Any CPU.ActiveCfg = Debug|Any CPU
		{CFB72B03-893F-47D0-A911-9B0D2BC405CA}.Debug|Any CPU.Build.0 = Debug|Any CPU
		{CFB72B03-893F-47D0-A911-9B0D2BC405CA}.Release|Any CPU.ActiveCfg = Release|Any CPU
		{CFB72B03-893F-47D0-A911-9B0D2BC405CA}.Release|Any CPU.Build.0 = Release|Any CPU
	EndGlobalSection
EndGlobal
